// !$*UTF8*$!
{
	archiveVersion = 1;
	classes = {
	};
	objectVersion = 46;
	objects = {

/* Begin PBXBuildFile section */
		DDF8815C1CBEA8A900838096 /* AppDelegate.swift in Sources */ = {isa = PBXBuildFile; fileRef = DDF8815B1CBEA8A900838096 /* AppDelegate.swift */; };
		DDF881611CBEA8A900838096 /* Main.storyboard in Resources */ = {isa = PBXBuildFile; fileRef = DDF8815F1CBEA8A900838096 /* Main.storyboard */; };
		DDF881631CBEA8A900838096 /* Assets.xcassets in Resources */ = {isa = PBXBuildFile; fileRef = DDF881621CBEA8A900838096 /* Assets.xcassets */; };
		DDF881661CBEA8A900838096 /* LaunchScreen.storyboard in Resources */ = {isa = PBXBuildFile; fileRef = DDF881641CBEA8A900838096 /* LaunchScreen.storyboard */; };
		DDF8816E1CBEAA3900838096 /* SettingsViewController.swift in Sources */ = {isa = PBXBuildFile; fileRef = DDF8816D1CBEAA3900838096 /* SettingsViewController.swift */; };
		DDF881741CBEAFA200838096 /* SettingTableViewCell.swift in Sources */ = {isa = PBXBuildFile; fileRef = DDF881731CBEAFA200838096 /* SettingTableViewCell.swift */; };
		DDF881761CBEB0E400838096 /* Setting.swift in Sources */ = {isa = PBXBuildFile; fileRef = DDF881751CBEB0E400838096 /* Setting.swift */; };
		DDF881781CBEB18300838096 /* SettingsController.swift in Sources */ = {isa = PBXBuildFile; fileRef = DDF881771CBEB18300838096 /* SettingsController.swift */; };
/* End PBXBuildFile section */

/* Begin PBXFileReference section */
		DDF881581CBEA8A900838096 /* SettingsMiniProject.app */ = {isa = PBXFileReference; explicitFileType = wrapper.application; includeInIndex = 0; path = SettingsMiniProject.app; sourceTree = BUILT_PRODUCTS_DIR; };
		DDF8815B1CBEA8A900838096 /* AppDelegate.swift */ = {isa = PBXFileReference; lastKnownFileType = sourcecode.swift; path = AppDelegate.swift; sourceTree = "<group>"; };
		DDF881601CBEA8A900838096 /* Base */ = {isa = PBXFileReference; lastKnownFileType = file.storyboard; name = Base; path = Base.lproj/Main.storyboard; sourceTree = "<group>"; };
		DDF881621CBEA8A900838096 /* Assets.xcassets */ = {isa = PBXFileReference; lastKnownFileType = folder.assetcatalog; path = Assets.xcassets; sourceTree = "<group>"; };
		DDF881651CBEA8A900838096 /* Base */ = {isa = PBXFileReference; lastKnownFileType = file.storyboard; name = Base; path = Base.lproj/LaunchScreen.storyboard; sourceTree = "<group>"; };
		DDF881671CBEA8A900838096 /* Info.plist */ = {isa = PBXFileReference; lastKnownFileType = text.plist.xml; path = Info.plist; sourceTree = "<group>"; };
		DDF8816D1CBEAA3900838096 /* SettingsViewController.swift */ = {isa = PBXFileReference; fileEncoding = 4; lastKnownFileType = sourcecode.swift; path = SettingsViewController.swift; sourceTree = "<group>"; };
		DDF881731CBEAFA200838096 /* SettingTableViewCell.swift */ = {isa = PBXFileReference; fileEncoding = 4; lastKnownFileType = sourcecode.swift; path = SettingTableViewCell.swift; sourceTree = "<group>"; };
		DDF881751CBEB0E400838096 /* Setting.swift */ = {isa = PBXFileReference; fileEncoding = 4; lastKnownFileType = sourcecode.swift; path = Setting.swift; sourceTree = "<group>"; };
		DDF881771CBEB18300838096 /* SettingsController.swift */ = {isa = PBXFileReference; fileEncoding = 4; lastKnownFileType = sourcecode.swift; path = SettingsController.swift; sourceTree = "<group>"; };
/* End PBXFileReference section */

/* Begin PBXFrameworksBuildPhase section */
		DDF881551CBEA8A900838096 /* Frameworks */ = {
			isa = PBXFrameworksBuildPhase;
			buildActionMask = 2147483647;
			files = (
			);
			runOnlyForDeploymentPostprocessing = 0;
		};
/* End PBXFrameworksBuildPhase section */

/* Begin PBXGroup section */
		DDF8814F1CBEA8A900838096 = {
			isa = PBXGroup;
			children = (
				DDF8815A1CBEA8A900838096 /* SettingsMiniProject */,
				DDF881591CBEA8A900838096 /* Products */,
			);
			sourceTree = "<group>";
		};
		DDF881591CBEA8A900838096 /* Products */ = {
			isa = PBXGroup;
			children = (
				DDF881581CBEA8A900838096 /* SettingsMiniProject.app */,
			);
			name = Products;
			sourceTree = "<group>";
		};
		DDF8815A1CBEA8A900838096 /* SettingsMiniProject */ = {
			isa = PBXGroup;
			children = (
				DDF8815B1CBEA8A900838096 /* AppDelegate.swift */,
				DDF8816D1CBEAA3900838096 /* SettingsViewController.swift */,
				DDF881731CBEAFA200838096 /* SettingTableViewCell.swift */,
				DDF881751CBEB0E400838096 /* Setting.swift */,
				DDF881771CBEB18300838096 /* SettingsController.swift */,
				DDF8815F1CBEA8A900838096 /* Main.storyboard */,
				DDF881621CBEA8A900838096 /* Assets.xcassets */,
				DDF881641CBEA8A900838096 /* LaunchScreen.storyboard */,
				DDF881671CBEA8A900838096 /* Info.plist */,
			);
			path = SettingsMiniProject;
			sourceTree = "<group>";
		};
/* End PBXGroup section */

/* Begin PBXNativeTarget section */
		DDF881571CBEA8A900838096 /* SettingsMiniProject */ = {
			isa = PBXNativeTarget;
			buildConfigurationList = DDF8816A1CBEA8A900838096 /* Build configuration list for PBXNativeTarget "SettingsMiniProject" */;
			buildPhases = (
				DDF881541CBEA8A900838096 /* Sources */,
				DDF881551CBEA8A900838096 /* Frameworks */,
				DDF881561CBEA8A900838096 /* Resources */,
			);
			buildRules = (
			);
			dependencies = (
			);
			name = SettingsMiniProject;
			productName = SettingsMiniProject;
			productReference = DDF881581CBEA8A900838096 /* SettingsMiniProject.app */;
			productType = "com.apple.product-type.application";
		};
/* End PBXNativeTarget section */

/* Begin PBXProject section */
		DDF881501CBEA8A900838096 /* Project object */ = {
			isa = PBXProject;
			attributes = {
				LastSwiftUpdateCheck = 0730;
				LastUpgradeCheck = 0730;
				ORGANIZATIONNAME = "Parker Donat";
				TargetAttributes = {
					DDF881571CBEA8A900838096 = {
						CreatedOnToolsVersion = 7.3;
					};
				};
			};
			buildConfigurationList = DDF881531CBEA8A900838096 /* Build configuration list for PBXProject "SettingsMiniProject" */;
			compatibilityVersion = "Xcode 3.2";
			developmentRegion = English;
			hasScannedForEncodings = 0;
			knownRegions = (
				en,
				Base,
			);
			mainGroup = DDF8814F1CBEA8A900838096;
			productRefGroup = DDF881591CBEA8A900838096 /* Products */;
			projectDirPath = "";
			projectRoot = "";
			targets = (
				DDF881571CBEA8A900838096 /* SettingsMiniProject */,
			);
		};
/* End PBXProject section */

/* Begin PBXResourcesBuildPhase section */
		DDF881561CBEA8A900838096 /* Resources */ = {
			isa = PBXResourcesBuildPhase;
			buildActionMask = 2147483647;
			files = (
				DDF881661CBEA8A900838096 /* LaunchScreen.storyboard in Resources */,
				DDF881631CBEA8A900838096 /* Assets.xcassets in Resources */,
				DDF881611CBEA8A900838096 /* Main.storyboard in Resources */,
			);
			runOnlyForDeploymentPostprocessing = 0;
		};
/* End PBXResourcesBuildPhase section */

/* Begin PBXSourcesBuildPhase section */
		DDF881541CBEA8A900838096 /* Sources */ = {
			isa = PBXSourcesBuildPhase;
			buildActionMask = 2147483647;
			files = (
				DDF881741CBEAFA200838096 /* SettingTableViewCell.swift in Sources */,
				DDF881781CBEB18300838096 /* SettingsController.swift in Sources */,
				DDF8815C1CBEA8A900838096 /* AppDelegate.swift in Sources */,
				DDF881761CBEB0E400838096 /* Setting.swift in Sources */,
				DDF8816E1CBEAA3900838096 /* SettingsViewController.swift in Sources */,
			);
			runOnlyForDeploymentPostprocessing = 0;
		};
/* End PBXSourcesBuildPhase section */

/* Begin PBXVariantGroup section */
		DDF8815F1CBEA8A900838096 /* Main.storyboard */ = {
			isa = PBXVariantGroup;
			children = (
				DDF881601CBEA8A900838096 /* Base */,
			);
			name = Main.storyboard;
			sourceTree = "<group>";
		};
		DDF881641CBEA8A900838096 /* LaunchScreen.storyboard */ = {
			isa = PBXVariantGroup;
			children = (
				DDF881651CBEA8A900838096 /* Base */,
			);
			name = LaunchScreen.storyboard;
			sourceTree = "<group>";
		};
/* End PBXVariantGroup section */

/* Begin XCBuildConfiguration section */
		DDF881681CBEA8A900838096 /* Debug */ = {
			isa = XCBuildConfiguration;
			buildSettings = {
				ALWAYS_SEARCH_USER_PATHS = NO;
				CLANG_ANALYZER_NONNULL = YES;
				CLANG_CXX_LANGUAGE_STANDARD = "gnu++0x";
				CLANG_CXX_LIBRARY = "libc++";
				CLANG_ENABLE_MODULES = YES;
				CLANG_ENABLE_OBJC_ARC = YES;
				CLANG_WARN_BOOL_CONVERSION = YES;
				CLANG_WARN_CONSTANT_CONVERSION = YES;
				CLANG_WARN_DIRECT_OBJC_ISA_USAGE = YES_ERROR;
				CLANG_WARN_EMPTY_BODY = YES;
				CLANG_WARN_ENUM_CONVERSION = YES;
				CLANG_WARN_INT_CONVERSION = YES;
				CLANG_WARN_OBJC_ROOT_CLASS = YES_ERROR;
				CLANG_WARN_UNREACHABLE_CODE = YES;
				CLANG_WARN__DUPLICATE_METHOD_MATCH = YES;
				"CODE_SIGN_IDENTITY[sdk=iphoneos*]" = "iPhone Developer";
				COPY_PHASE_STRIP = NO;
				DEBUG_INFORMATION_FORMAT = dwarf;
				ENABLE_STRICT_OBJC_MSGSEND = YES;
				ENABLE_TESTABILITY = YES;
				GCC_C_LANGUAGE_STANDARD = gnu99;
				GCC_DYNAMIC_NO_PIC = NO;
				GCC_NO_COMMON_BLOCKS = YES;
				GCC_OPTIMIZATION_LEVEL = 0;
				GCC_PREPROCESSOR_DEFINITIONS = (
					"DEBUG=1",
					"$(inherited)",
				);
				GCC_WARN_64_TO_32_BIT_CONVERSION = YES;
				GCC_WARN_ABOUT_RETURN_TYPE = YES_ERROR;
				GCC_WARN_UNDECLARED_SELECTOR = YES;
				GCC_WARN_UNINITIALIZED_AUTOS = YES_AGGRESSIVE;
				GCC_WARN_UNUSED_FUNCTION = YES;
				GCC_WARN_UNUSED_VARIABLE = YES;
				IPHONEOS_DEPLOYMENT_TARGET = 9.3;
				MTL_ENABLE_DEBUG_INFO = YES;
				ONLY_ACTIVE_ARCH = YES;
				SDKROOT = iphoneos;
				SWIFT_OPTIMIZATION_LEVEL = "-Onone";
			};
			name = Debug;
		};
		DDF881691CBEA8A900838096 /* Release */ = {
			isa = XCBuildConfiguration;
			buildSettings = {
				ALWAYS_SEARCH_USER_PATHS = NO;
				CLANG_ANALYZER_NONNULL = YES;
				CLANG_CXX_LANGUAGE_STANDARD = "gnu++0x";
				CLANG_CXX_LIBRARY = "libc++";
				CLANG_ENABLE_MODULES = YES;
				CLANG_ENABLE_OBJC_ARC = YES;
				CLANG_WARN_BOOL_CONVERSION = YES;
				CLANG_WARN_CONSTANT_CONVERSION = YES;
				CLANG_WARN_DIRECT_OBJC_ISA_USAGE = YES_ERROR;
				CLANG_WARN_EMPTY_BODY = YES;
				CLANG_WARN_ENUM_CONVERSION = YES;
				CLANG_WARN_INT_CONVERSION = YES;
				CLANG_WARN_OBJC_ROOT_CLASS = YES_ERROR;
				CLANG_WARN_UNREACHABLE_CODE = YES;
				CLANG_WARN__DUPLICATE_METHOD_MATCH = YES;
				"CODE_SIGN_IDENTITY[sdk=iphoneos*]" = "iPhone Developer";
				COPY_PHASE_STRIP = NO;
				DEBUG_INFORMATION_FORMAT = "dwarf-with-dsym";
				ENABLE_NS_ASSERTIONS = NO;
				ENABLE_STRICT_OBJC_MSGSEND = YES;
				GCC_C_LANGUAGE_STANDARD = gnu99;
				GCC_NO_COMMON_BLOCKS = YES;
				GCC_WARN_64_TO_32_BIT_CONVERSION = YES;
				GCC_WARN_ABOUT_RETURN_TYPE = YES_ERROR;
				GCC_WARN_UNDECLARED_SELECTOR = YES;
				GCC_WARN_UNINITIALIZED_AUTOS = YES_AGGRESSIVE;
				GCC_WARN_UNUSED_FUNCTION = YES;
				GCC_WARN_UNUSED_VARIABLE = YES;
				IPHONEOS_DEPLOYMENT_TARGET = 9.3;
				MTL_ENABLE_DEBUG_INFO = NO;
				SDKROOT = iphoneos;
				VALIDATE_PRODUCT = YES;
			};
			name = Release;
		};
		DDF8816B1CBEA8A900838096 /* Debug */ = {
			isa = XCBuildConfiguration;
			buildSettings = {
				ASSETCATALOG_COMPILER_APPICON_NAME = AppIcon;
				INFOPLIST_FILE = SettingsMiniProject/Info.plist;
				LD_RUNPATH_SEARCH_PATHS = "$(inherited) @executable_path/Frameworks";
				PRODUCT_BUNDLE_IDENTIFIER = com.parkerdonat.SettingsMiniProject;
				PRODUCT_NAME = "$(TARGET_NAME)";
			};
			name = Debug;
		};
		DDF8816C1CBEA8A900838096 /* Release */ = {
			isa = XCBuildConfiguration;
			buildSettings = {
				ASSETCATALOG_COMPILER_APPICON_NAME = AppIcon;
				INFOPLIST_FILE = SettingsMiniProject/Info.plist;
				LD_RUNPATH_SEARCH_PATHS = "$(inherited) @executable_path/Frameworks";
				PRODUCT_BUNDLE_IDENTIFIER = com.parkerdonat.SettingsMiniProject;
				PRODUCT_NAME = "$(TARGET_NAME)";
			};
			name = Release;
		};
/* End XCBuildConfiguration section */

/* Begin XCConfigurationList section */
		DDF881531CBEA8A900838096 /* Build configuration list for PBXProject "SettingsMiniProject" */ = {
			isa = XCConfigurationList;
			buildConfigurations = (
				DDF881681CBEA8A900838096 /* Debug */,
				DDF881691CBEA8A900838096 /* Release */,
			);
			defaultConfigurationIsVisible = 0;
			defaultConfigurationName = Release;
		};
		DDF8816A1CBEA8A900838096 /* Build configuration list for PBXNativeTarget "SettingsMiniProject" */ = {
			isa = XCConfigurationList;
			buildConfigurations = (
				DDF8816B1CBEA8A900838096 /* Debug */,
				DDF8816C1CBEA8A900838096 /* Release */,
			);
			defaultConfigurationIsVisible = 0;
		};
/* End XCConfigurationList section */
	};
	rootObject = DDF881501CBEA8A900838096 /* Project object */;
}
